
Microsoft Visual Studio Solution File, Format Version 12.00
# Visual Studio 15
VisualStudioVersion = 15.0.28010.2048
MinimumVisualStudioVersion = 10.0.40219.1
Project("{FAE04EC0-301F-11D3-BF4B-00C04F79EFBC}") = "NewCircle", "NewCircle\NewCircle.csproj", "{0B24A7CC-C088-401C-A52A-7A468E58ABFB}"
EndProject
Global
	GlobalSection(SolutionConfigurationPlatforms) = preSolution
		Debug|Any CPU = Debug|Any CPU
		Release|Any CPU = Release|Any CPU
	EndGlobalSection
	GlobalSection(ProjectConfigurationPlatforms) = postSolution
		{0B24A7CC-C088-401C-A52A-7A468E58ABFB}.Debug|Any CPU.ActiveCfg = Debug|Any CPU
		{0B24A7CC-C088-401C-A52A-7A468E58ABFB}.Debug|Any CPU.Build.0 = Debug|Any CPU
		{0B24A7CC-C088-401C-A52A-7A468E58ABFB}.Release|Any CPU.ActiveCfg = Release|Any CPU
		{0B24A7CC-C088-401C-A52A-7A468E58ABFB}.Release|Any CPU.Build.0 = Release|Any CPU
	EndGlobalSection
	GlobalSection(SolutionProperties) = preSolution
		HideSolutionNode = FALSE
	EndGlobalSection
	GlobalSection(ExtensibilityGlobals) = postSolution
		SolutionGuid = {4AB28A3F-ACC0-43D9-B929-15251ED2F518}
	EndGlobalSection
EndGlobal
